
Microsoft Visual Studio Solution File, Format Version 12.00
# Visual Studio Version 16
VisualStudioVersion = 16.0.30907.101
MinimumVisualStudioVersion = 10.0.40219.1
Project("{FAE04EC0-301F-11D3-BF4B-00C04F79EFBC}") = "EjerciciosLibroCSharp", "EjerciciosLibroCSharp.csproj", "{4E653C11-9019-4695-BC31-CB4F463B2815}"
EndProject
Global
	GlobalSection(SolutionConfigurationPlatforms) = preSolution
		Debug|Any CPU = Debug|Any CPU
		Release|Any CPU = Release|Any CPU
	EndGlobalSection
	GlobalSection(ProjectConfigurationPlatforms) = postSolution
		{4E653C11-9019-4695-BC31-CB4F463B2815}.Debug|Any CPU.ActiveCfg = Debug|Any CPU
		{4E653C11-9019-4695-BC31-CB4F463B2815}.Debug|Any CPU.Build.0 = Debug|Any CPU
		{4E653C11-9019-4695-BC31-CB4F463B2815}.Release|Any CPU.ActiveCfg = Release|Any CPU
		{4E653C11-9019-4695-BC31-CB4F463B2815}.Release|Any CPU.Build.0 = Release|Any CPU
	EndGlobalSection
	GlobalSection(SolutionProperties) = preSolution
		HideSolutionNode = FALSE
	EndGlobalSection
	GlobalSection(ExtensibilityGlobals) = postSolution
		SolutionGuid = {069DEFBB-3DB0-43A6-BAB1-1A28268CD0A1}
	EndGlobalSection
EndGlobal
