
Microsoft Visual Studio Solution File, Format Version 12.00
# Visual Studio Version 16
VisualStudioVersion = 16.0.31005.135
MinimumVisualStudioVersion = 10.0.40219.1
Project("{FAE04EC0-301F-11D3-BF4B-00C04F79EFBC}") = "EjercicioCSharp", "EjercicioCSharp.csproj", "{E277609B-FEC9-4B2A-905F-DA595650B8C9}"
EndProject
Global
	GlobalSection(SolutionConfigurationPlatforms) = preSolution
		Debug|Any CPU = Debug|Any CPU
		Release|Any CPU = Release|Any CPU
	EndGlobalSection
	GlobalSection(ProjectConfigurationPlatforms) = postSolution
		{E277609B-FEC9-4B2A-905F-DA595650B8C9}.Debug|Any CPU.ActiveCfg = Debug|Any CPU
		{E277609B-FEC9-4B2A-905F-DA595650B8C9}.Debug|Any CPU.Build.0 = Debug|Any CPU
		{E277609B-FEC9-4B2A-905F-DA595650B8C9}.Release|Any CPU.ActiveCfg = Release|Any CPU
		{E277609B-FEC9-4B2A-905F-DA595650B8C9}.Release|Any CPU.Build.0 = Release|Any CPU
	EndGlobalSection
	GlobalSection(SolutionProperties) = preSolution
		HideSolutionNode = FALSE
	EndGlobalSection
	GlobalSection(ExtensibilityGlobals) = postSolution
		SolutionGuid = {AEAF9DF5-E86F-4C62-A073-3F17E21CBB2D}
	EndGlobalSection
EndGlobal
