
Microsoft Visual Studio Solution File, Format Version 12.00
# Visual Studio Version 16
VisualStudioVersion = 16.0.31005.135
MinimumVisualStudioVersion = 10.0.40219.1
Project("{FAE04EC0-301F-11D3-BF4B-00C04F79EFBC}") = "EjerciciosCSharp", "EjerciciosCSharp.csproj", "{CE5AD3F1-5B76-4FD1-BA16-36E2A5C5152E}"
EndProject
Global
	GlobalSection(SolutionConfigurationPlatforms) = preSolution
		Debug|Any CPU = Debug|Any CPU
		Release|Any CPU = Release|Any CPU
	EndGlobalSection
	GlobalSection(ProjectConfigurationPlatforms) = postSolution
		{CE5AD3F1-5B76-4FD1-BA16-36E2A5C5152E}.Debug|Any CPU.ActiveCfg = Debug|Any CPU
		{CE5AD3F1-5B76-4FD1-BA16-36E2A5C5152E}.Debug|Any CPU.Build.0 = Debug|Any CPU
		{CE5AD3F1-5B76-4FD1-BA16-36E2A5C5152E}.Release|Any CPU.ActiveCfg = Release|Any CPU
		{CE5AD3F1-5B76-4FD1-BA16-36E2A5C5152E}.Release|Any CPU.Build.0 = Release|Any CPU
	EndGlobalSection
	GlobalSection(SolutionProperties) = preSolution
		HideSolutionNode = FALSE
	EndGlobalSection
	GlobalSection(ExtensibilityGlobals) = postSolution
		SolutionGuid = {83E184CC-2278-44C6-B768-C2D62798BD19}
	EndGlobalSection
EndGlobal
